
Microsoft Visual Studio Solution File, Format Version 12.00
# Visual Studio Version 16
VisualStudioVersion = 16.0.30330.147
MinimumVisualStudioVersion = 10.0.40219.1
Project("{FAE04EC0-301F-11D3-BF4B-00C04F79EFBC}") = "Blog_Version_2", "Blog_Version_2\Blog_Version_2.csproj", "{FCD45321-9E72-485F-86BF-7A55CA197C24}"
EndProject
Global
	GlobalSection(SolutionConfigurationPlatforms) = preSolution
		Debug|Any CPU = Debug|Any CPU
		Release|Any CPU = Release|Any CPU
	EndGlobalSection
	GlobalSection(ProjectConfigurationPlatforms) = postSolution
		{FCD45321-9E72-485F-86BF-7A55CA197C24}.Debug|Any CPU.ActiveCfg = Debug|Any CPU
		{FCD45321-9E72-485F-86BF-7A55CA197C24}.Debug|Any CPU.Build.0 = Debug|Any CPU
		{FCD45321-9E72-485F-86BF-7A55CA197C24}.Release|Any CPU.ActiveCfg = Release|Any CPU
		{FCD45321-9E72-485F-86BF-7A55CA197C24}.Release|Any CPU.Build.0 = Release|Any CPU
	EndGlobalSection
	GlobalSection(SolutionProperties) = preSolution
		HideSolutionNode = FALSE
	EndGlobalSection
	GlobalSection(ExtensibilityGlobals) = postSolution
		SolutionGuid = {63D12BCC-61C4-4B7E-83F9-0DC24C06953E}
	EndGlobalSection
EndGlobal
